
Microsoft Visual Studio Solution File, Format Version 12.00
# Visual Studio Version 17
VisualStudioVersion = 17.5.002.0
MinimumVisualStudioVersion = 10.0.40219.1
Project("{9A19103F-16F7-4668-BE54-9A1E7A4F7556}") = "snowcoreBlog.Console.App", "App\snowcoreBlog.Console.App.csproj", "{36CEBC64-E563-44C7-BF80-F20AE61AD6C9}"
EndProject
Global
	GlobalSection(SolutionConfigurationPlatforms) = preSolution
		Debug|Any CPU = Debug|Any CPU
		Release|Any CPU = Release|Any CPU
	EndGlobalSection
	GlobalSection(ProjectConfigurationPlatforms) = postSolution
		{36CEBC64-E563-44C7-BF80-F20AE61AD6C9}.Debug|Any CPU.ActiveCfg = Debug|Any CPU
		{36CEBC64-E563-44C7-BF80-F20AE61AD6C9}.Debug|Any CPU.Build.0 = Debug|Any CPU
		{36CEBC64-E563-44C7-BF80-F20AE61AD6C9}.Release|Any CPU.ActiveCfg = Release|Any CPU
		{36CEBC64-E563-44C7-BF80-F20AE61AD6C9}.Release|Any CPU.Build.0 = Release|Any CPU
	EndGlobalSection
	GlobalSection(SolutionProperties) = preSolution
		HideSolutionNode = FALSE
	EndGlobalSection
	GlobalSection(ExtensibilityGlobals) = postSolution
		SolutionGuid = {8800B578-1449-4213-860D-C2667068A678}
	EndGlobalSection
EndGlobal
