
Microsoft Visual Studio Solution File, Format Version 12.00
# Visual Studio Version 17
VisualStudioVersion = 17.5.002.0
MinimumVisualStudioVersion = 10.0.40219.1
Project("{9A19103F-16F7-4668-BE54-9A1E7A4F7556}") = "snowcoreBlog.Console.App", "App\snowcoreBlog.Console.App.csproj", "{36CEBC64-E563-44C7-BF80-F20AE61AD6C9}"
EndProject
Project("{FAE04EC0-301F-11D3-BF4B-00C04F79EFBC}") = "snowcoreBlog.ServiceDefaults", "snowcoreBlog.Universal\ServiceDefaults\snowcoreBlog.ServiceDefaults.csproj", "{C9ADECC2-1BB1-4974-91D0-E4163DFE651E}"
EndProject
Project("{FAE04EC0-301F-11D3-BF4B-00C04F79EFBC}") = "snowcoreBlog.ApplicationLaunch.Implementations", "snowcoreBlog.Universal\UniversalModules\ApplicationLaunch.Implementations\snowcoreBlog.ApplicationLaunch.Implementations.csproj", "{D84834F1-A51D-4FD1-AF85-332A82C22065}"
EndProject
Project("{FAE04EC0-301F-11D3-BF4B-00C04F79EFBC}") = "snowcoreBlog.ConsoleHandling.Implementations", "snowcoreBlog.Universal\UniversalModules\ConsoleHandling.Implementations\snowcoreBlog.ConsoleHandling.Implementations.csproj", "{EEB4C3B1-F8BF-4D08-8900-CD1D610E4B95}"
EndProject
Project("{FAE04EC0-301F-11D3-BF4B-00C04F79EFBC}") = "snowcoreBlog.HttpClientInterception.Implementations", "snowcoreBlog.Universal\UniversalModules\HttpClientInterception.Implementations\snowcoreBlog.HttpClientInterception.Implementations.csproj", "{230312FC-CCAB-4120-9D53-E6A2704BD81E}"
EndProject
Project("{FAE04EC0-301F-11D3-BF4B-00C04F79EFBC}") = "snowcoreBlog.LocalStorage.Implementations", "snowcoreBlog.Universal\UniversalModules\LocalStorage.Implementations\snowcoreBlog.LocalStorage.Implementations.csproj", "{CEC23319-604F-4641-B310-EABDF90F5177}"
EndProject
Project("{FAE04EC0-301F-11D3-BF4B-00C04F79EFBC}") = "snowcoreBlog.TelemetryHandling.Implementations", "snowcoreBlog.Universal\UniversalModules\TelemetryHandling.Implementations\snowcoreBlog.TelemetryHandling.Implementations.csproj", "{E7EE2F97-CA7B-4BF8-BD1F-F4DF43363C3D}"
EndProject
Project("{FAE04EC0-301F-11D3-BF4B-00C04F79EFBC}") = "snowcoreBlog.VersionTracking.Implementations", "snowcoreBlog.Universal\UniversalModules\VersionTracking.Implementations\snowcoreBlog.VersionTracking.Implementations.csproj", "{56F92988-E84A-48A5-86F3-666521CEDFA1}"
EndProject
Project("{FAE04EC0-301F-11D3-BF4B-00C04F79EFBC}") = "snowcoreBlog.ApplicationLaunch", "snowcoreBlog.Universal\UniversalModules\ApplicationLaunch\snowcoreBlog.ApplicationLaunch.csproj", "{85964A04-463D-4BF2-A635-8F62D803D0B2}"
EndProject
Global
	GlobalSection(SolutionConfigurationPlatforms) = preSolution
		Debug|Any CPU = Debug|Any CPU
		Release|Any CPU = Release|Any CPU
	EndGlobalSection
	GlobalSection(ProjectConfigurationPlatforms) = postSolution
		{36CEBC64-E563-44C7-BF80-F20AE61AD6C9}.Debug|Any CPU.ActiveCfg = Debug|Any CPU
		{36CEBC64-E563-44C7-BF80-F20AE61AD6C9}.Debug|Any CPU.Build.0 = Debug|Any CPU
		{36CEBC64-E563-44C7-BF80-F20AE61AD6C9}.Release|Any CPU.ActiveCfg = Release|Any CPU
		{36CEBC64-E563-44C7-BF80-F20AE61AD6C9}.Release|Any CPU.Build.0 = Release|Any CPU
		{C9ADECC2-1BB1-4974-91D0-E4163DFE651E}.Debug|Any CPU.ActiveCfg = Debug|Any CPU
		{C9ADECC2-1BB1-4974-91D0-E4163DFE651E}.Debug|Any CPU.Build.0 = Debug|Any CPU
		{C9ADECC2-1BB1-4974-91D0-E4163DFE651E}.Release|Any CPU.ActiveCfg = Release|Any CPU
		{C9ADECC2-1BB1-4974-91D0-E4163DFE651E}.Release|Any CPU.Build.0 = Release|Any CPU
		{D84834F1-A51D-4FD1-AF85-332A82C22065}.Debug|Any CPU.ActiveCfg = Debug|Any CPU
		{D84834F1-A51D-4FD1-AF85-332A82C22065}.Debug|Any CPU.Build.0 = Debug|Any CPU
		{D84834F1-A51D-4FD1-AF85-332A82C22065}.Release|Any CPU.ActiveCfg = Release|Any CPU
		{D84834F1-A51D-4FD1-AF85-332A82C22065}.Release|Any CPU.Build.0 = Release|Any CPU
		{EEB4C3B1-F8BF-4D08-8900-CD1D610E4B95}.Debug|Any CPU.ActiveCfg = Debug|Any CPU
		{EEB4C3B1-F8BF-4D08-8900-CD1D610E4B95}.Debug|Any CPU.Build.0 = Debug|Any CPU
		{EEB4C3B1-F8BF-4D08-8900-CD1D610E4B95}.Release|Any CPU.ActiveCfg = Release|Any CPU
		{EEB4C3B1-F8BF-4D08-8900-CD1D610E4B95}.Release|Any CPU.Build.0 = Release|Any CPU
		{230312FC-CCAB-4120-9D53-E6A2704BD81E}.Debug|Any CPU.ActiveCfg = Debug|Any CPU
		{230312FC-CCAB-4120-9D53-E6A2704BD81E}.Debug|Any CPU.Build.0 = Debug|Any CPU
		{230312FC-CCAB-4120-9D53-E6A2704BD81E}.Release|Any CPU.ActiveCfg = Release|Any CPU
		{230312FC-CCAB-4120-9D53-E6A2704BD81E}.Release|Any CPU.Build.0 = Release|Any CPU
		{CEC23319-604F-4641-B310-EABDF90F5177}.Debug|Any CPU.ActiveCfg = Debug|Any CPU
		{CEC23319-604F-4641-B310-EABDF90F5177}.Debug|Any CPU.Build.0 = Debug|Any CPU
		{CEC23319-604F-4641-B310-EABDF90F5177}.Release|Any CPU.ActiveCfg = Release|Any CPU
		{CEC23319-604F-4641-B310-EABDF90F5177}.Release|Any CPU.Build.0 = Release|Any CPU
		{E7EE2F97-CA7B-4BF8-BD1F-F4DF43363C3D}.Debug|Any CPU.ActiveCfg = Debug|Any CPU
		{E7EE2F97-CA7B-4BF8-BD1F-F4DF43363C3D}.Debug|Any CPU.Build.0 = Debug|Any CPU
		{E7EE2F97-CA7B-4BF8-BD1F-F4DF43363C3D}.Release|Any CPU.ActiveCfg = Release|Any CPU
		{E7EE2F97-CA7B-4BF8-BD1F-F4DF43363C3D}.Release|Any CPU.Build.0 = Release|Any CPU
		{56F92988-E84A-48A5-86F3-666521CEDFA1}.Debug|Any CPU.ActiveCfg = Debug|Any CPU
		{56F92988-E84A-48A5-86F3-666521CEDFA1}.Debug|Any CPU.Build.0 = Debug|Any CPU
		{56F92988-E84A-48A5-86F3-666521CEDFA1}.Release|Any CPU.ActiveCfg = Release|Any CPU
		{56F92988-E84A-48A5-86F3-666521CEDFA1}.Release|Any CPU.Build.0 = Release|Any CPU
		{85964A04-463D-4BF2-A635-8F62D803D0B2}.Debug|Any CPU.ActiveCfg = Debug|Any CPU
		{85964A04-463D-4BF2-A635-8F62D803D0B2}.Debug|Any CPU.Build.0 = Debug|Any CPU
		{85964A04-463D-4BF2-A635-8F62D803D0B2}.Release|Any CPU.ActiveCfg = Release|Any CPU
		{85964A04-463D-4BF2-A635-8F62D803D0B2}.Release|Any CPU.Build.0 = Release|Any CPU
	EndGlobalSection
	GlobalSection(SolutionProperties) = preSolution
		HideSolutionNode = FALSE
	EndGlobalSection
	GlobalSection(ExtensibilityGlobals) = postSolution
		SolutionGuid = {8800B578-1449-4213-860D-C2667068A678}
	EndGlobalSection
EndGlobal
